{
  "name": "counselview-server",
  "version": "0.1.0",
  "lockfileVersion": 3,
  "requires": true,
  "packages": {
    "": {
      "name": "counselview-server",
      "version": "0.1.0",
      "dependencies": {
        "@anthropic-ai/sdk": "^0.50.0",
        "@hono/node-server": "^1.13.0",
        "hono": "^4.0.0"
      }
    },
    "node_modules/@anthropic-ai/sdk": {
      "version": "0.50.4",
      "resolved": "https://registry.npmjs.org/@anthropic-ai/sdk/-/sdk-0.50.4.tgz",
      "integrity": "sha512-zZOWyIuznx2uqiRcCNuidkAsLC8IBHgS9lTwSVEB29sUCwEcqL95MWpWP1nccHSKfiZga+hbZaI0btR2zjuMmw==",
      "license": "MIT",
      "bin": {
        "anthropic-ai-sdk": "bin/cli"
      },
      "engines": {
        "node": ">= 20"
      }
    },
    "node_modules/@hono/node-server": {
      "version": "1.19.11",
      "resolved": "https://registry.npmjs.org/@hono/node-server/-/node-server-1.19.11.tgz",
      "integrity": "sha512-dr8/3zEaB+p0D2n/IUrlPF1HZm586qgJNXK1a9fhg/PzdtkK7Ksd5l312tJX2yBuALqDYBlG20QEbayqPyxn+g==",
      "license": "MIT",
      "engines": {
        "node": ">=18.14.1"
      },
      "peerDependencies": {
        "hono": "^4"
      }
    },
    "node_modules/hono": {
      "version": "4.12.5",
      "resolved": "https://registry.npmjs.org/hono/-/hono-4.12.5.tgz",
      "integrity": "sha512-3qq+FUBtlTHhtYxbxheZgY8NIFnkkC/MR8u5TTsr7YZ3wixryQ3cCwn3iZbg8p8B88iDBBAYSfZDS75t8MN7Vg==",
      "license": "MIT",
      "engines": {
        "node": ">=16.9.0"
      }
    }
  }
}
